{"format_version":"1.0","terraform_version":"1.1.7","variables":{"profile":{"value":"sandbox"},"region":{"value":"us-east-1"}},"planned_values":{"root_module":{"child_modules":[{"resources":[{"address":"module.s3.aws_s3_bucket.demos3","mode":"managed","type":"aws_s3_bucket","name":"demos3","provider_name":"registry.terraform.io/hashicorp/aws","schema_version":0,"values":{"acl":"public-read","bucket":"\u003cBucket-name\u003e","bucket_prefix":null,"cors_rule":[],"force_destroy":false,"grant":[],"lifecycle_rule":[],"logging":[],"policy":null,"replication_configuration":[],"server_side_encryption_configuration":[],"tags":null,"website":[]},"sensitive_values":{"cors_rule":[],"grant":[],"lifecycle_rule":[],"logging":[],"object_lock_configuration":[],"replication_configuration":[],"server_side_encryption_configuration":[],"tags_all":{},"versioning":[],"website":[]}}],"address":"module.s3"}]}},"resource_changes":[{"address":"module.s3.aws_s3_bucket.demos3","module_address":"module.s3","mode":"managed","type":"aws_s3_bucket","name":"demos3","provider_name":"registry.terraform.io/hashicorp/aws","change":{"actions":["create"],"before":null,"after":{"acl":"public-read","bucket":"\u003cBucket-name\u003e","bucket_prefix":null,"cors_rule":[],"force_destroy":false,"grant":[],"lifecycle_rule":[],"logging":[],"policy":null,"replication_configuration":[],"server_side_encryption_configuration":[],"tags":null,"website":[]},"after_unknown":{"acceleration_status":true,"arn":true,"bucket_domain_name":true,"bucket_regional_domain_name":true,"cors_rule":[],"grant":[],"hosted_zone_id":true,"id":true,"lifecycle_rule":[],"logging":[],"object_lock_configuration":true,"object_lock_enabled":true,"region":true,"replication_configuration":[],"request_payer":true,"server_side_encryption_configuration":[],"tags_all":true,"versioning":true,"website":[],"website_domain":true,"website_endpoint":true},"before_sensitive":false,"after_sensitive":{"cors_rule":[],"grant":[],"lifecycle_rule":[],"logging":[],"object_lock_configuration":[],"replication_configuration":[],"server_side_encryption_configuration":[],"tags_all":{},"versioning":[],"website":[]}}}],"configuration":{"provider_config":{"aws":{"name":"aws","version_constraint":"~\u003e 3.0","expressions":{"profile":{"references":["var.profile"]},"region":{"references":["var.region"]}}}},"root_module":{"module_calls":{"s3":{"source":"./s3","expressions":{"bucket_name":{"constant_value":"\u003cBucket-name\u003e"}},"module":{"resources":[{"address":"aws_s3_bucket.demos3","mode":"managed","type":"aws_s3_bucket","name":"demos3","provider_config_key":"s3:aws","expressions":{"acl":{"references":["var.acl_value"]},"bucket":{"references":["var.bucket_name"]}},"schema_version":0}],"variables":{"acl_value":{"default":"public-read"},"bucket_name":{}}}}},"variables":{"profile":{"default":"sandbox"},"region":{"default":"us-east-1"}}}}}
